// !$*UTF8*$!
{
	archiveVersion = 1;
	classes = {
	};
	objectVersion = 46;
	objects = {

/* Begin PBXBuildFile section */
		7FCF0FB91C3ADDF9004CFB2A /* AFBingAPIClient.m in Sources */ = {isa = PBXBuildFile; fileRef = 7FCF0FB71C3ADDF9004CFB2A /* AFBingAPIClient.m */; };
		7FCF0FC01C3ADE7C004CFB2A /* ImageRecord.m in Sources */ = {isa = PBXBuildFile; fileRef = 7FCF0FBF1C3ADE7C004CFB2A /* ImageRecord.m */; };
		7FFDE12E1C3AC27200171DFC /* main.m in Sources */ = {isa = PBXBuildFile; fileRef = 7FFDE12D1C3AC27200171DFC /* main.m */; };
		7FFDE1311C3AC27200171DFC /* AppDelegate.m in Sources */ = {isa = PBXBuildFile; fileRef = 7FFDE1301C3AC27200171DFC /* AppDelegate.m */; };
		7FFDE1371C3AC27200171DFC /* Main.storyboard in Resources */ = {isa = PBXBuildFile; fileRef = 7FFDE1351C3AC27200171DFC /* Main.storyboard */; };
		7FFDE1391C3AC27200171DFC /* Assets.xcassets in Resources */ = {isa = PBXBuildFile; fileRef = 7FFDE1381C3AC27200171DFC /* Assets.xcassets */; };
		7FFDE13C1C3AC27200171DFC /* LaunchScreen.storyboard in Resources */ = {isa = PBXBuildFile; fileRef = 7FFDE13A1C3AC27200171DFC /* LaunchScreen.storyboard */; };
		7FFDE14E1C3AC88800171DFC /* Utils.m in Sources */ = {isa = PBXBuildFile; fileRef = 7FFDE14D1C3AC88800171DFC /* Utils.m */; };
		7FFDE1551C3AC90100171DFC /* APIClient.m in Sources */ = {isa = PBXBuildFile; fileRef = 7FFDE1541C3AC90100171DFC /* APIClient.m */; };
		7FFDE15B1C3AC94200171DFC /* BaseViewController.m in Sources */ = {isa = PBXBuildFile; fileRef = 7FFDE1581C3AC94200171DFC /* BaseViewController.m */; };
		7FFDE15C1C3AC94200171DFC /* SearchViewController.m in Sources */ = {isa = PBXBuildFile; fileRef = 7FFDE15A1C3AC94200171DFC /* SearchViewController.m */; };
		7FFDE15F1C3ACD7600171DFC /* ResultViewController.m in Sources */ = {isa = PBXBuildFile; fileRef = 7FFDE15E1C3ACD7600171DFC /* ResultViewController.m */; };
		88275CA41C3B62400087C206 /* AMAImageViewCell.m in Sources */ = {isa = PBXBuildFile; fileRef = 88275CA31C3B62400087C206 /* AMAImageViewCell.m */; };
		88275CCC1C3B798C0087C206 /* MBProgressHUD.m in Sources */ = {isa = PBXBuildFile; fileRef = 88275CCB1C3B798C0087C206 /* MBProgressHUD.m */; };
		88275CE41C3B79EE0087C206 /* AFHTTPRequestOperation.m in Sources */ = {isa = PBXBuildFile; fileRef = 88275CD21C3B79EE0087C206 /* AFHTTPRequestOperation.m */; };
		88275CE51C3B79EE0087C206 /* AFHTTPRequestOperationManager.m in Sources */ = {isa = PBXBuildFile; fileRef = 88275CD41C3B79EE0087C206 /* AFHTTPRequestOperationManager.m */; };
		88275CE61C3B79EE0087C206 /* AFHTTPSessionManager.m in Sources */ = {isa = PBXBuildFile; fileRef = 88275CD61C3B79EE0087C206 /* AFHTTPSessionManager.m */; };
		88275CE71C3B79EE0087C206 /* AFNetworkReachabilityManager.m in Sources */ = {isa = PBXBuildFile; fileRef = 88275CD91C3B79EE0087C206 /* AFNetworkReachabilityManager.m */; };
		88275CE81C3B79EE0087C206 /* AFSecurityPolicy.m in Sources */ = {isa = PBXBuildFile; fileRef = 88275CDB1C3B79EE0087C206 /* AFSecurityPolicy.m */; };
		88275CE91C3B79EE0087C206 /* AFURLConnectionOperation.m in Sources */ = {isa = PBXBuildFile; fileRef = 88275CDD1C3B79EE0087C206 /* AFURLConnectionOperation.m */; };
		88275CEA1C3B79EE0087C206 /* AFURLRequestSerialization.m in Sources */ = {isa = PBXBuildFile; fileRef = 88275CDF1C3B79EE0087C206 /* AFURLRequestSerialization.m */; };
		88275CEB1C3B79EE0087C206 /* AFURLResponseSerialization.m in Sources */ = {isa = PBXBuildFile; fileRef = 88275CE11C3B79EE0087C206 /* AFURLResponseSerialization.m */; };
		88275CEC1C3B79EE0087C206 /* AFURLSessionManager.m in Sources */ = {isa = PBXBuildFile; fileRef = 88275CE31C3B79EE0087C206 /* AFURLSessionManager.m */; };
		88275D001C3B7A0A0087C206 /* AFNetworkActivityIndicatorManager.m in Sources */ = {isa = PBXBuildFile; fileRef = 88275CEF1C3B7A0A0087C206 /* AFNetworkActivityIndicatorManager.m */; };
		88275D011C3B7A0A0087C206 /* UIActivityIndicatorView+AFNetworking.m in Sources */ = {isa = PBXBuildFile; fileRef = 88275CF11C3B7A0A0087C206 /* UIActivityIndicatorView+AFNetworking.m */; };
		88275D021C3B7A0A0087C206 /* UIAlertView+AFNetworking.m in Sources */ = {isa = PBXBuildFile; fileRef = 88275CF31C3B7A0A0087C206 /* UIAlertView+AFNetworking.m */; };
		88275D031C3B7A0A0087C206 /* UIButton+AFNetworking.m in Sources */ = {isa = PBXBuildFile; fileRef = 88275CF51C3B7A0A0087C206 /* UIButton+AFNetworking.m */; };
		88275D041C3B7A0A0087C206 /* UIImageView+AFNetworking.m in Sources */ = {isa = PBXBuildFile; fileRef = 88275CF81C3B7A0A0087C206 /* UIImageView+AFNetworking.m */; };
		88275D051C3B7A0A0087C206 /* UIProgressView+AFNetworking.m in Sources */ = {isa = PBXBuildFile; fileRef = 88275CFB1C3B7A0A0087C206 /* UIProgressView+AFNetworking.m */; };
		88275D061C3B7A0A0087C206 /* UIRefreshControl+AFNetworking.m in Sources */ = {isa = PBXBuildFile; fileRef = 88275CFD1C3B7A0A0087C206 /* UIRefreshControl+AFNetworking.m */; };
		88275D071C3B7A0A0087C206 /* UIWebView+AFNetworking.m in Sources */ = {isa = PBXBuildFile; fileRef = 88275CFF1C3B7A0A0087C206 /* UIWebView+AFNetworking.m */; };
		88275D0B1C3B7A2B0087C206 /* CHTCollectionViewWaterfallLayout.m in Sources */ = {isa = PBXBuildFile; fileRef = 88275D0A1C3B7A2B0087C206 /* CHTCollectionViewWaterfallLayout.m */; };
		88275D111C3B83F00087C206 /* CollectionImageLayout.m in Sources */ = {isa = PBXBuildFile; fileRef = 88275D101C3B83F00087C206 /* CollectionImageLayout.m */; };
		88275D141C3BA5C70087C206 /* ShowPhotoViewController.m in Sources */ = {isa = PBXBuildFile; fileRef = 88275D131C3BA5C70087C206 /* ShowPhotoViewController.m */; };
/* End PBXBuildFile section */

/* Begin PBXFileReference section */
		7FCF0FB61C3ADDF9004CFB2A /* AFBingAPIClient.h */ = {isa = PBXFileReference; fileEncoding = 4; lastKnownFileType = sourcecode.c.h; path = AFBingAPIClient.h; sourceTree = "<group>"; };
		7FCF0FB71C3ADDF9004CFB2A /* AFBingAPIClient.m */ = {isa = PBXFileReference; fileEncoding = 4; lastKnownFileType = sourcecode.c.objc; path = AFBingAPIClient.m; sourceTree = "<group>"; };
		7FCF0FB81C3ADDF9004CFB2A /* ImageSearching.h */ = {isa = PBXFileReference; fileEncoding = 4; lastKnownFileType = sourcecode.c.h; path = ImageSearching.h; sourceTree = "<group>"; };
		7FCF0FBE1C3ADE7C004CFB2A /* ImageRecord.h */ = {isa = PBXFileReference; fileEncoding = 4; lastKnownFileType = sourcecode.c.h; name = ImageRecord.h; path = model/ImageRecord.h; sourceTree = "<group>"; };
		7FCF0FBF1C3ADE7C004CFB2A /* ImageRecord.m */ = {isa = PBXFileReference; fileEncoding = 4; lastKnownFileType = sourcecode.c.objc; name = ImageRecord.m; path = model/ImageRecord.m; sourceTree = "<group>"; };
		7FFDE1291C3AC27200171DFC /* Searchphoto.temp_caseinsensitive_rename.app */ = {isa = PBXFileReference; explicitFileType = wrapper.application; includeInIndex = 0; path = Searchphoto.temp_caseinsensitive_rename.app; sourceTree = BUILT_PRODUCTS_DIR; };
		7FFDE12D1C3AC27200171DFC /* main.m */ = {isa = PBXFileReference; lastKnownFileType = sourcecode.c.objc; path = main.m; sourceTree = "<group>"; };
		7FFDE12F1C3AC27200171DFC /* AppDelegate.h */ = {isa = PBXFileReference; lastKnownFileType = sourcecode.c.h; path = AppDelegate.h; sourceTree = "<group>"; };
		7FFDE1301C3AC27200171DFC /* AppDelegate.m */ = {isa = PBXFileReference; lastKnownFileType = sourcecode.c.objc; path = AppDelegate.m; sourceTree = "<group>"; };
		7FFDE1361C3AC27200171DFC /* Base */ = {isa = PBXFileReference; lastKnownFileType = file.storyboard; name = Base; path = Base.lproj/Main.storyboard; sourceTree = "<group>"; };
		7FFDE1381C3AC27200171DFC /* Assets.xcassets */ = {isa = PBXFileReference; lastKnownFileType = folder.assetcatalog; path = Assets.xcassets; sourceTree = "<group>"; };
		7FFDE13B1C3AC27200171DFC /* Base */ = {isa = PBXFileReference; lastKnownFileType = file.storyboard; name = Base; path = Base.lproj/LaunchScreen.storyboard; sourceTree = "<group>"; };
		7FFDE13D1C3AC27200171DFC /* Info.plist */ = {isa = PBXFileReference; lastKnownFileType = text.plist.xml; path = Info.plist; sourceTree = "<group>"; };
		7FFDE14C1C3AC88800171DFC /* Utils.h */ = {isa = PBXFileReference; fileEncoding = 4; lastKnownFileType = sourcecode.c.h; name = Utils.h; path = utils/Utils.h; sourceTree = "<group>"; };
		7FFDE14D1C3AC88800171DFC /* Utils.m */ = {isa = PBXFileReference; fileEncoding = 4; lastKnownFileType = sourcecode.c.objc; name = Utils.m; path = utils/Utils.m; sourceTree = "<group>"; };
		7FFDE14F1C3AC89C00171DFC /* Const.h */ = {isa = PBXFileReference; lastKnownFileType = sourcecode.c.h; name = Const.h; path = utils/Const.h; sourceTree = "<group>"; };
		7FFDE1531C3AC90100171DFC /* APIClient.h */ = {isa = PBXFileReference; fileEncoding = 4; lastKnownFileType = sourcecode.c.h; name = APIClient.h; path = network/APIClient.h; sourceTree = "<group>"; };
		7FFDE1541C3AC90100171DFC /* APIClient.m */ = {isa = PBXFileReference; fileEncoding = 4; lastKnownFileType = sourcecode.c.objc; name = APIClient.m; path = network/APIClient.m; sourceTree = "<group>"; };
		7FFDE1571C3AC94200171DFC /* BaseViewController.h */ = {isa = PBXFileReference; fileEncoding = 4; lastKnownFileType = sourcecode.c.h; name = BaseViewController.h; path = controller/BaseViewController.h; sourceTree = "<group>"; };
		7FFDE1581C3AC94200171DFC /* BaseViewController.m */ = {isa = PBXFileReference; fileEncoding = 4; lastKnownFileType = sourcecode.c.objc; name = BaseViewController.m; path = controller/BaseViewController.m; sourceTree = "<group>"; };
		7FFDE1591C3AC94200171DFC /* SearchViewController.h */ = {isa = PBXFileReference; fileEncoding = 4; lastKnownFileType = sourcecode.c.h; name = SearchViewController.h; path = controller/SearchViewController.h; sourceTree = "<group>"; };
		7FFDE15A1C3AC94200171DFC /* SearchViewController.m */ = {isa = PBXFileReference; fileEncoding = 4; lastKnownFileType = sourcecode.c.objc; name = SearchViewController.m; path = controller/SearchViewController.m; sourceTree = "<group>"; };
		7FFDE15D1C3ACD7600171DFC /* ResultViewController.h */ = {isa = PBXFileReference; fileEncoding = 4; lastKnownFileType = sourcecode.c.h; name = ResultViewController.h; path = controller/ResultViewController.h; sourceTree = "<group>"; };
		7FFDE15E1C3ACD7600171DFC /* ResultViewController.m */ = {isa = PBXFileReference; fileEncoding = 4; lastKnownFileType = sourcecode.c.objc; name = ResultViewController.m; path = controller/ResultViewController.m; sourceTree = "<group>"; };
		88275CA21C3B62400087C206 /* AMAImageViewCell.h */ = {isa = PBXFileReference; fileEncoding = 4; lastKnownFileType = sourcecode.c.h; path = AMAImageViewCell.h; sourceTree = "<group>"; };
		88275CA31C3B62400087C206 /* AMAImageViewCell.m */ = {isa = PBXFileReference; fileEncoding = 4; lastKnownFileType = sourcecode.c.objc; path = AMAImageViewCell.m; sourceTree = "<group>"; };
		88275CCA1C3B798C0087C206 /* MBProgressHUD.h */ = {isa = PBXFileReference; fileEncoding = 4; lastKnownFileType = sourcecode.c.h; name = MBProgressHUD.h; path = third/MBProgressHUD/MBProgressHUD.h; sourceTree = "<group>"; };
		88275CCB1C3B798C0087C206 /* MBProgressHUD.m */ = {isa = PBXFileReference; fileEncoding = 4; lastKnownFileType = sourcecode.c.objc; name = MBProgressHUD.m; path = third/MBProgressHUD/MBProgressHUD.m; sourceTree = "<group>"; };
		88275CD11C3B79EE0087C206 /* AFHTTPRequestOperation.h */ = {isa = PBXFileReference; fileEncoding = 4; lastKnownFileType = sourcecode.c.h; name = AFHTTPRequestOperation.h; path = Third/AFNetworking/AFNetworking/AFHTTPRequestOperation.h; sourceTree = "<group>"; };
		88275CD21C3B79EE0087C206 /* AFHTTPRequestOperation.m */ = {isa = PBXFileReference; fileEncoding = 4; lastKnownFileType = sourcecode.c.objc; name = AFHTTPRequestOperation.m; path = Third/AFNetworking/AFNetworking/AFHTTPRequestOperation.m; sourceTree = "<group>"; };
		88275CD31C3B79EE0087C206 /* AFHTTPRequestOperationManager.h */ = {isa = PBXFileReference; fileEncoding = 4; lastKnownFileType = sourcecode.c.h; name = AFHTTPRequestOperationManager.h; path = Third/AFNetworking/AFNetworking/AFHTTPRequestOperationManager.h; sourceTree = "<group>"; };
		88275CD41C3B79EE0087C206 /* AFHTTPRequestOperationManager.m */ = {isa = PBXFileReference; fileEncoding = 4; lastKnownFileType = sourcecode.c.objc; name = AFHTTPRequestOperationManager.m; path = Third/AFNetworking/AFNetworking/AFHTTPRequestOperationManager.m; sourceTree = "<group>"; };
		88275CD51C3B79EE0087C206 /* AFHTTPSessionManager.h */ = {isa = PBXFileReference; fileEncoding = 4; lastKnownFileType = sourcecode.c.h; name = AFHTTPSessionManager.h; path = Third/AFNetworking/AFNetworking/AFHTTPSessionManager.h; sourceTree = "<group>"; };
		88275CD61C3B79EE0087C206 /* AFHTTPSessionManager.m */ = {isa = PBXFileReference; fileEncoding = 4; lastKnownFileType = sourcecode.c.objc; name = AFHTTPSessionManager.m; path = Third/AFNetworking/AFNetworking/AFHTTPSessionManager.m; sourceTree = "<group>"; };
		88275CD71C3B79EE0087C206 /* AFNetworking.h */ = {isa = PBXFileReference; fileEncoding = 4; lastKnownFileType = sourcecode.c.h; name = AFNetworking.h; path = Third/AFNetworking/AFNetworking/AFNetworking.h; sourceTree = "<group>"; };
		88275CD81C3B79EE0087C206 /* AFNetworkReachabilityManager.h */ = {isa = PBXFileReference; fileEncoding = 4; lastKnownFileType = sourcecode.c.h; name = AFNetworkReachabilityManager.h; path = Third/AFNetworking/AFNetworking/AFNetworkReachabilityManager.h; sourceTree = "<group>"; };
		88275CD91C3B79EE0087C206 /* AFNetworkReachabilityManager.m */ = {isa = PBXFileReference; fileEncoding = 4; lastKnownFileType = sourcecode.c.objc; name = AFNetworkReachabilityManager.m; path = Third/AFNetworking/AFNetworking/AFNetworkReachabilityManager.m; sourceTree = "<group>"; };
		88275CDA1C3B79EE0087C206 /* AFSecurityPolicy.h */ = {isa = PBXFileReference; fileEncoding = 4; lastKnownFileType = sourcecode.c.h; name = AFSecurityPolicy.h; path = Third/AFNetworking/AFNetworking/AFSecurityPolicy.h; sourceTree = "<group>"; };
		88275CDB1C3B79EE0087C206 /* AFSecurityPolicy.m */ = {isa = PBXFileReference; fileEncoding = 4; lastKnownFileType = sourcecode.c.objc; name = AFSecurityPolicy.m; path = Third/AFNetworking/AFNetworking/AFSecurityPolicy.m; sourceTree = "<group>"; };
		88275CDC1C3B79EE0087C206 /* AFURLConnectionOperation.h */ = {isa = PBXFileReference; fileEncoding = 4; lastKnownFileType = sourcecode.c.h; name = AFURLConnectionOperation.h; path = Third/AFNetworking/AFNetworking/AFURLConnectionOperation.h; sourceTree = "<group>"; };
		88275CDD1C3B79EE0087C206 /* AFURLConnectionOperation.m */ = {isa = PBXFileReference; fileEncoding = 4; lastKnownFileType = sourcecode.c.objc; name = AFURLConnectionOperation.m; path = Third/AFNetworking/AFNetworking/AFURLConnectionOperation.m; sourceTree = "<group>"; };
		88275CDE1C3B79EE0087C206 /* AFURLRequestSerialization.h */ = {isa = PBXFileReference; fileEncoding = 4; lastKnownFileType = sourcecode.c.h; name = AFURLRequestSerialization.h; path = Third/AFNetworking/AFNetworking/AFURLRequestSerialization.h; sourceTree = "<group>"; };
		88275CDF1C3B79EE0087C206 /* AFURLRequestSerialization.m */ = {isa = PBXFileReference; fileEncoding = 4; lastKnownFileType = sourcecode.c.objc; name = AFURLRequestSerialization.m; path = Third/AFNetworking/AFNetworking/AFURLRequestSerialization.m; sourceTree = "<group>"; };
		88275CE01C3B79EE0087C206 /* AFURLResponseSerialization.h */ = {isa = PBXFileReference; fileEncoding = 4; lastKnownFileType = sourcecode.c.h; name = AFURLResponseSerialization.h; path = Third/AFNetworking/AFNetworking/AFURLResponseSerialization.h; sourceTree = "<group>"; };
		88275CE11C3B79EE0087C206 /* AFURLResponseSerialization.m */ = {isa = PBXFileReference; fileEncoding = 4; lastKnownFileType = sourcecode.c.objc; name = AFURLResponseSerialization.m; path = Third/AFNetworking/AFNetworking/AFURLResponseSerialization.m; sourceTree = "<group>"; };
		88275CE21C3B79EE0087C206 /* AFURLSessionManager.h */ = {isa = PBXFileReference; fileEncoding = 4; lastKnownFileType = sourcecode.c.h; name = AFURLSessionManager.h; path = Third/AFNetworking/AFNetworking/AFURLSessionManager.h; sourceTree = "<group>"; };
		88275CE31C3B79EE0087C206 /* AFURLSessionManager.m */ = {isa = PBXFileReference; fileEncoding = 4; lastKnownFileType = sourcecode.c.objc; name = AFURLSessionManager.m; path = Third/AFNetworking/AFNetworking/AFURLSessionManager.m; sourceTree = "<group>"; };
		88275CEE1C3B7A0A0087C206 /* AFNetworkActivityIndicatorManager.h */ = {isa = PBXFileReference; fileEncoding = 4; lastKnownFileType = sourcecode.c.h; name = AFNetworkActivityIndicatorManager.h; path = "Third/AFNetworking/UIKit+AFNetworking/AFNetworkActivityIndicatorManager.h"; sourceTree = "<group>"; };
		88275CEF1C3B7A0A0087C206 /* AFNetworkActivityIndicatorManager.m */ = {isa = PBXFileReference; fileEncoding = 4; lastKnownFileType = sourcecode.c.objc; name = AFNetworkActivityIndicatorManager.m; path = "Third/AFNetworking/UIKit+AFNetworking/AFNetworkActivityIndicatorManager.m"; sourceTree = "<group>"; };
		88275CF01C3B7A0A0087C206 /* UIActivityIndicatorView+AFNetworking.h */ = {isa = PBXFileReference; fileEncoding = 4; lastKnownFileType = sourcecode.c.h; name = "UIActivityIndicatorView+AFNetworking.h"; path = "Third/AFNetworking/UIKit+AFNetworking/UIActivityIndicatorView+AFNetworking.h"; sourceTree = "<group>"; };
		88275CF11C3B7A0A0087C206 /* UIActivityIndicatorView+AFNetworking.m */ = {isa = PBXFileReference; fileEncoding = 4; lastKnownFileType = sourcecode.c.objc; name = "UIActivityIndicatorView+AFNetworking.m"; path = "Third/AFNetworking/UIKit+AFNetworking/UIActivityIndicatorView+AFNetworking.m"; sourceTree = "<group>"; };
		88275CF21C3B7A0A0087C206 /* UIAlertView+AFNetworking.h */ = {isa = PBXFileReference; fileEncoding = 4; lastKnownFileType = sourcecode.c.h; name = "UIAlertView+AFNetworking.h"; path = "Third/AFNetworking/UIKit+AFNetworking/UIAlertView+AFNetworking.h"; sourceTree = "<group>"; };
		88275CF31C3B7A0A0087C206 /* UIAlertView+AFNetworking.m */ = {isa = PBXFileReference; fileEncoding = 4; lastKnownFileType = sourcecode.c.objc; name = "UIAlertView+AFNetworking.m"; path = "Third/AFNetworking/UIKit+AFNetworking/UIAlertView+AFNetworking.m"; sourceTree = "<group>"; };
		88275CF41C3B7A0A0087C206 /* UIButton+AFNetworking.h */ = {isa = PBXFileReference; fileEncoding = 4; lastKnownFileType = sourcecode.c.h; name = "UIButton+AFNetworking.h"; path = "Third/AFNetworking/UIKit+AFNetworking/UIButton+AFNetworking.h"; sourceTree = "<group>"; };
		88275CF51C3B7A0A0087C206 /* UIButton+AFNetworking.m */ = {isa = PBXFileReference; fileEncoding = 4; lastKnownFileType = sourcecode.c.objc; name = "UIButton+AFNetworking.m"; path = "Third/AFNetworking/UIKit+AFNetworking/UIButton+AFNetworking.m"; sourceTree = "<group>"; };
		88275CF61C3B7A0A0087C206 /* UIImage+AFNetworking.h */ = {isa = PBXFileReference; fileEncoding = 4; lastKnownFileType = sourcecode.c.h; name = "UIImage+AFNetworking.h"; path = "Third/AFNetworking/UIKit+AFNetworking/UIImage+AFNetworking.h"; sourceTree = "<group>"; };
		88275CF71C3B7A0A0087C206 /* UIImageView+AFNetworking.h */ = {isa = PBXFileReference; fileEncoding = 4; lastKnownFileType = sourcecode.c.h; name = "UIImageView+AFNetworking.h"; path = "Third/AFNetworking/UIKit+AFNetworking/UIImageView+AFNetworking.h"; sourceTree = "<group>"; };
		88275CF81C3B7A0A0087C206 /* UIImageView+AFNetworking.m */ = {isa = PBXFileReference; fileEncoding = 4; lastKnownFileType = sourcecode.c.objc; name = "UIImageView+AFNetworking.m"; path = "Third/AFNetworking/UIKit+AFNetworking/UIImageView+AFNetworking.m"; sourceTree = "<group>"; };
		88275CF91C3B7A0A0087C206 /* UIKit+AFNetworking.h */ = {isa = PBXFileReference; fileEncoding = 4; lastKnownFileType = sourcecode.c.h; name = "UIKit+AFNetworking.h"; path = "Third/AFNetworking/UIKit+AFNetworking/UIKit+AFNetworking.h"; sourceTree = "<group>"; };
		88275CFA1C3B7A0A0087C206 /* UIProgressView+AFNetworking.h */ = {isa = PBXFileReference; fileEncoding = 4; lastKnownFileType = sourcecode.c.h; name = "UIProgressView+AFNetworking.h"; path = "Third/AFNetworking/UIKit+AFNetworking/UIProgressView+AFNetworking.h"; sourceTree = "<group>"; };
		88275CFB1C3B7A0A0087C206 /* UIProgressView+AFNetworking.m */ = {isa = PBXFileReference; fileEncoding = 4; lastKnownFileType = sourcecode.c.objc; name = "UIProgressView+AFNetworking.m"; path = "Third/AFNetworking/UIKit+AFNetworking/UIProgressView+AFNetworking.m"; sourceTree = "<group>"; };
		88275CFC1C3B7A0A0087C206 /* UIRefreshControl+AFNetworking.h */ = {isa = PBXFileReference; fileEncoding = 4; lastKnownFileType = sourcecode.c.h; name = "UIRefreshControl+AFNetworking.h"; path = "Third/AFNetworking/UIKit+AFNetworking/UIRefreshControl+AFNetworking.h"; sourceTree = "<group>"; };
		88275CFD1C3B7A0A0087C206 /* UIRefreshControl+AFNetworking.m */ = {isa = PBXFileReference; fileEncoding = 4; lastKnownFileType = sourcecode.c.objc; name = "UIRefreshControl+AFNetworking.m"; path = "Third/AFNetworking/UIKit+AFNetworking/UIRefreshControl+AFNetworking.m"; sourceTree = "<group>"; };
		88275CFE1C3B7A0A0087C206 /* UIWebView+AFNetworking.h */ = {isa = PBXFileReference; fileEncoding = 4; lastKnownFileType = sourcecode.c.h; name = "UIWebView+AFNetworking.h"; path = "Third/AFNetworking/UIKit+AFNetworking/UIWebView+AFNetworking.h"; sourceTree = "<group>"; };
		88275CFF1C3B7A0A0087C206 /* UIWebView+AFNetworking.m */ = {isa = PBXFileReference; fileEncoding = 4; lastKnownFileType = sourcecode.c.objc; name = "UIWebView+AFNetworking.m"; path = "Third/AFNetworking/UIKit+AFNetworking/UIWebView+AFNetworking.m"; sourceTree = "<group>"; };
		88275D091C3B7A2B0087C206 /* CHTCollectionViewWaterfallLayout.h */ = {isa = PBXFileReference; fileEncoding = 4; lastKnownFileType = sourcecode.c.h; name = CHTCollectionViewWaterfallLayout.h; path = Third/CHTCollectionViewWaterfallLayout/CHTCollectionViewWaterfallLayout.h; sourceTree = "<group>"; };
		88275D0A1C3B7A2B0087C206 /* CHTCollectionViewWaterfallLayout.m */ = {isa = PBXFileReference; fileEncoding = 4; lastKnownFileType = sourcecode.c.objc; name = CHTCollectionViewWaterfallLayout.m; path = Third/CHTCollectionViewWaterfallLayout/CHTCollectionViewWaterfallLayout.m; sourceTree = "<group>"; };
		88275D0F1C3B83F00087C206 /* CollectionImageLayout.h */ = {isa = PBXFileReference; fileEncoding = 4; lastKnownFileType = sourcecode.c.h; name = CollectionImageLayout.h; path = view/CollectionImageLayout.h; sourceTree = "<group>"; };
		88275D101C3B83F00087C206 /* CollectionImageLayout.m */ = {isa = PBXFileReference; fileEncoding = 4; lastKnownFileType = sourcecode.c.objc; name = CollectionImageLayout.m; path = view/CollectionImageLayout.m; sourceTree = "<group>"; };
		88275D121C3BA5C70087C206 /* ShowPhotoViewController.h */ = {isa = PBXFileReference; fileEncoding = 4; lastKnownFileType = sourcecode.c.h; name = ShowPhotoViewController.h; path = controller/ShowPhotoViewController.h; sourceTree = "<group>"; };
		88275D131C3BA5C70087C206 /* ShowPhotoViewController.m */ = {isa = PBXFileReference; fileEncoding = 4; lastKnownFileType = sourcecode.c.objc; name = ShowPhotoViewController.m; path = controller/ShowPhotoViewController.m; sourceTree = "<group>"; };
/* End PBXFileReference section */

/* Begin PBXFrameworksBuildPhase section */
		7FFDE1261C3AC27200171DFC /* Frameworks */ = {
			isa = PBXFrameworksBuildPhase;
			buildActionMask = 2147483647;
			files = (
			);
			runOnlyForDeploymentPostprocessing = 0;
		};
/* End PBXFrameworksBuildPhase section */

/* Begin PBXGroup section */
		7FCF0FBA1C3ADE3E004CFB2A /* Model */ = {
			isa = PBXGroup;
			children = (
				7FCF0FBE1C3ADE7C004CFB2A /* ImageRecord.h */,
				7FCF0FBF1C3ADE7C004CFB2A /* ImageRecord.m */,
			);
			name = Model;
			sourceTree = "<group>";
		};
		7FFDE1201C3AC27200171DFC = {
			isa = PBXGroup;
			children = (
				88275CC81C3B78FE0087C206 /* Third */,
				7FFDE12B1C3AC27200171DFC /* Searchphoto */,
				7FFDE12A1C3AC27200171DFC /* Products */,
			);
			sourceTree = "<group>";
		};
		7FFDE12A1C3AC27200171DFC /* Products */ = {
			isa = PBXGroup;
			children = (
				7FFDE1291C3AC27200171DFC /* Searchphoto.temp_caseinsensitive_rename.app */,
			);
			name = Products;
			sourceTree = "<group>";
		};
		7FFDE12B1C3AC27200171DFC /* Searchphoto */ = {
			isa = PBXGroup;
			children = (
				88275CA11C3B61D30087C206 /* View */,
				7FCF0FBA1C3ADE3E004CFB2A /* Model */,
				7FFDE1561C3AC90600171DFC /* Controller */,
				7FFDE14A1C3AC82000171DFC /* Utils */,
				7FFDE1491C3AC81300171DFC /* Network */,
				7FFDE12F1C3AC27200171DFC /* AppDelegate.h */,
				7FFDE1301C3AC27200171DFC /* AppDelegate.m */,
				7FFDE1351C3AC27200171DFC /* Main.storyboard */,
				7FFDE1381C3AC27200171DFC /* Assets.xcassets */,
				7FFDE13A1C3AC27200171DFC /* LaunchScreen.storyboard */,
				7FFDE13D1C3AC27200171DFC /* Info.plist */,
				7FFDE12C1C3AC27200171DFC /* Supporting Files */,
			);
			name = Searchphoto;
			path = searchphoto;
			sourceTree = "<group>";
		};
		7FFDE12C1C3AC27200171DFC /* Supporting Files */ = {
			isa = PBXGroup;
			children = (
				7FFDE12D1C3AC27200171DFC /* main.m */,
			);
			name = "Supporting Files";
			sourceTree = "<group>";
		};
		7FFDE1491C3AC81300171DFC /* Network */ = {
			isa = PBXGroup;
			children = (
				7FCF0FB61C3ADDF9004CFB2A /* AFBingAPIClient.h */,
				7FCF0FB71C3ADDF9004CFB2A /* AFBingAPIClient.m */,
				7FCF0FB81C3ADDF9004CFB2A /* ImageSearching.h */,
				7FFDE1531C3AC90100171DFC /* APIClient.h */,
				7FFDE1541C3AC90100171DFC /* APIClient.m */,
			);
			name = Network;
			sourceTree = "<group>";
		};
		7FFDE14A1C3AC82000171DFC /* Utils */ = {
			isa = PBXGroup;
			children = (
				7FFDE14C1C3AC88800171DFC /* Utils.h */,
				7FFDE14D1C3AC88800171DFC /* Utils.m */,
				7FFDE14F1C3AC89C00171DFC /* Const.h */,
			);
			name = Utils;
			sourceTree = "<group>";
		};
		7FFDE1561C3AC90600171DFC /* Controller */ = {
			isa = PBXGroup;
			children = (
				7FFDE1571C3AC94200171DFC /* BaseViewController.h */,
				7FFDE1581C3AC94200171DFC /* BaseViewController.m */,
				7FFDE1591C3AC94200171DFC /* SearchViewController.h */,
				7FFDE15A1C3AC94200171DFC /* SearchViewController.m */,
				7FFDE15D1C3ACD7600171DFC /* ResultViewController.h */,
				7FFDE15E1C3ACD7600171DFC /* ResultViewController.m */,
				88275D121C3BA5C70087C206 /* ShowPhotoViewController.h */,
				88275D131C3BA5C70087C206 /* ShowPhotoViewController.m */,
			);
			name = Controller;
			sourceTree = "<group>";
		};
		88275CA11C3B61D30087C206 /* View */ = {
			isa = PBXGroup;
			children = (
				88275CA21C3B62400087C206 /* AMAImageViewCell.h */,
				88275CA31C3B62400087C206 /* AMAImageViewCell.m */,
				88275D0F1C3B83F00087C206 /* CollectionImageLayout.h */,
				88275D101C3B83F00087C206 /* CollectionImageLayout.m */,
			);
			name = View;
			sourceTree = "<group>";
		};
		88275CC81C3B78FE0087C206 /* Third */ = {
			isa = PBXGroup;
			children = (
				88275D081C3B7A200087C206 /* CHTCollectionViewWaterfallLayout */,
				88275CCD1C3B79990087C206 /* AFNetworking */,
				88275CC91C3B793B0087C206 /* MBProgressHUD */,
			);
			name = Third;
			sourceTree = "<group>";
		};
		88275CC91C3B793B0087C206 /* MBProgressHUD */ = {
			isa = PBXGroup;
			children = (
				88275CCA1C3B798C0087C206 /* MBProgressHUD.h */,
				88275CCB1C3B798C0087C206 /* MBProgressHUD.m */,
			);
			name = MBProgressHUD;
			sourceTree = "<group>";
		};
		88275CCD1C3B79990087C206 /* AFNetworking */ = {
			isa = PBXGroup;
			children = (
				88275CED1C3B79F60087C206 /* UIKit+AFNetworking */,
				88275CD01C3B79DD0087C206 /* AFNetworking */,
			);
			name = AFNetworking;
			sourceTree = "<group>";
		};
		88275CD01C3B79DD0087C206 /* AFNetworking */ = {
			isa = PBXGroup;
			children = (
				88275CD11C3B79EE0087C206 /* AFHTTPRequestOperation.h */,
				88275CD21C3B79EE0087C206 /* AFHTTPRequestOperation.m */,
				88275CD31C3B79EE0087C206 /* AFHTTPRequestOperationManager.h */,
				88275CD41C3B79EE0087C206 /* AFHTTPRequestOperationManager.m */,
				88275CD51C3B79EE0087C206 /* AFHTTPSessionManager.h */,
				88275CD61C3B79EE0087C206 /* AFHTTPSessionManager.m */,
				88275CD71C3B79EE0087C206 /* AFNetworking.h */,
				88275CD81C3B79EE0087C206 /* AFNetworkReachabilityManager.h */,
				88275CD91C3B79EE0087C206 /* AFNetworkReachabilityManager.m */,
				88275CDA1C3B79EE0087C206 /* AFSecurityPolicy.h */,
				88275CDB1C3B79EE0087C206 /* AFSecurityPolicy.m */,
				88275CDC1C3B79EE0087C206 /* AFURLConnectionOperation.h */,
				88275CDD1C3B79EE0087C206 /* AFURLConnectionOperation.m */,
				88275CDE1C3B79EE0087C206 /* AFURLRequestSerialization.h */,
				88275CDF1C3B79EE0087C206 /* AFURLRequestSerialization.m */,
				88275CE01C3B79EE0087C206 /* AFURLResponseSerialization.h */,
				88275CE11C3B79EE0087C206 /* AFURLResponseSerialization.m */,
				88275CE21C3B79EE0087C206 /* AFURLSessionManager.h */,
				88275CE31C3B79EE0087C206 /* AFURLSessionManager.m */,
			);
			name = AFNetworking;
			sourceTree = "<group>";
		};
		88275CED1C3B79F60087C206 /* UIKit+AFNetworking */ = {
			isa = PBXGroup;
			children = (
				88275CEE1C3B7A0A0087C206 /* AFNetworkActivityIndicatorManager.h */,
				88275CEF1C3B7A0A0087C206 /* AFNetworkActivityIndicatorManager.m */,
				88275CF01C3B7A0A0087C206 /* UIActivityIndicatorView+AFNetworking.h */,
				88275CF11C3B7A0A0087C206 /* UIActivityIndicatorView+AFNetworking.m */,
				88275CF21C3B7A0A0087C206 /* UIAlertView+AFNetworking.h */,
				88275CF31C3B7A0A0087C206 /* UIAlertView+AFNetworking.m */,
				88275CF41C3B7A0A0087C206 /* UIButton+AFNetworking.h */,
				88275CF51C3B7A0A0087C206 /* UIButton+AFNetworking.m */,
				88275CF61C3B7A0A0087C206 /* UIImage+AFNetworking.h */,
				88275CF71C3B7A0A0087C206 /* UIImageView+AFNetworking.h */,
				88275CF81C3B7A0A0087C206 /* UIImageView+AFNetworking.m */,
				88275CF91C3B7A0A0087C206 /* UIKit+AFNetworking.h */,
				88275CFA1C3B7A0A0087C206 /* UIProgressView+AFNetworking.h */,
				88275CFB1C3B7A0A0087C206 /* UIProgressView+AFNetworking.m */,
				88275CFC1C3B7A0A0087C206 /* UIRefreshControl+AFNetworking.h */,
				88275CFD1C3B7A0A0087C206 /* UIRefreshControl+AFNetworking.m */,
				88275CFE1C3B7A0A0087C206 /* UIWebView+AFNetworking.h */,
				88275CFF1C3B7A0A0087C206 /* UIWebView+AFNetworking.m */,
			);
			name = "UIKit+AFNetworking";
			sourceTree = "<group>";
		};
		88275D081C3B7A200087C206 /* CHTCollectionViewWaterfallLayout */ = {
			isa = PBXGroup;
			children = (
				88275D091C3B7A2B0087C206 /* CHTCollectionViewWaterfallLayout.h */,
				88275D0A1C3B7A2B0087C206 /* CHTCollectionViewWaterfallLayout.m */,
			);
			name = CHTCollectionViewWaterfallLayout;
			sourceTree = "<group>";
		};
/* End PBXGroup section */

/* Begin PBXNativeTarget section */
		7FFDE1281C3AC27200171DFC /* searchphoto */ = {
			isa = PBXNativeTarget;
			buildConfigurationList = 7FFDE1401C3AC27200171DFC /* Build configuration list for PBXNativeTarget "searchphoto" */;
			buildPhases = (
				7FFDE1251C3AC27200171DFC /* Sources */,
				7FFDE1261C3AC27200171DFC /* Frameworks */,
				7FFDE1271C3AC27200171DFC /* Resources */,
			);
			buildRules = (
			);
			dependencies = (
			);
			name = searchphoto;
			productName = searchphoto;
			productReference = 7FFDE1291C3AC27200171DFC /* Searchphoto.temp_caseinsensitive_rename.app */;
			productType = "com.apple.product-type.application";
		};
/* End PBXNativeTarget section */

/* Begin PBXProject section */
		7FFDE1211C3AC27200171DFC /* Project object */ = {
			isa = PBXProject;
			attributes = {
				LastUpgradeCheck = 0720;
				ORGANIZATIONNAME = "Hoang Nguyen";
				TargetAttributes = {
					7FFDE1281C3AC27200171DFC = {
						CreatedOnToolsVersion = 7.2;
					};
				};
			};
			buildConfigurationList = 7FFDE1241C3AC27200171DFC /* Build configuration list for PBXProject "Searchphoto" */;
			compatibilityVersion = "Xcode 3.2";
			developmentRegion = English;
			hasScannedForEncodings = 0;
			knownRegions = (
				en,
				Base,
			);
			mainGroup = 7FFDE1201C3AC27200171DFC;
			productRefGroup = 7FFDE12A1C3AC27200171DFC /* Products */;
			projectDirPath = "";
			projectRoot = "";
			targets = (
				7FFDE1281C3AC27200171DFC /* searchphoto */,
			);
		};
/* End PBXProject section */

/* Begin PBXResourcesBuildPhase section */
		7FFDE1271C3AC27200171DFC /* Resources */ = {
			isa = PBXResourcesBuildPhase;
			buildActionMask = 2147483647;
			files = (
				7FFDE13C1C3AC27200171DFC /* LaunchScreen.storyboard in Resources */,
				7FFDE1391C3AC27200171DFC /* Assets.xcassets in Resources */,
				7FFDE1371C3AC27200171DFC /* Main.storyboard in Resources */,
			);
			runOnlyForDeploymentPostprocessing = 0;
		};
/* End PBXResourcesBuildPhase section */

/* Begin PBXSourcesBuildPhase section */
		7FFDE1251C3AC27200171DFC /* Sources */ = {
			isa = PBXSourcesBuildPhase;
			buildActionMask = 2147483647;
			files = (
				88275CE41C3B79EE0087C206 /* AFHTTPRequestOperation.m in Sources */,
				88275CA41C3B62400087C206 /* AMAImageViewCell.m in Sources */,
				7FFDE1551C3AC90100171DFC /* APIClient.m in Sources */,
				7FFDE15F1C3ACD7600171DFC /* ResultViewController.m in Sources */,
				7FFDE15B1C3AC94200171DFC /* BaseViewController.m in Sources */,
				88275D001C3B7A0A0087C206 /* AFNetworkActivityIndicatorManager.m in Sources */,
				88275D0B1C3B7A2B0087C206 /* CHTCollectionViewWaterfallLayout.m in Sources */,
				88275CEC1C3B79EE0087C206 /* AFURLSessionManager.m in Sources */,
				88275CE61C3B79EE0087C206 /* AFHTTPSessionManager.m in Sources */,
				88275CCC1C3B798C0087C206 /* MBProgressHUD.m in Sources */,
				88275CE71C3B79EE0087C206 /* AFNetworkReachabilityManager.m in Sources */,
				7FFDE15C1C3AC94200171DFC /* SearchViewController.m in Sources */,
				88275D141C3BA5C70087C206 /* ShowPhotoViewController.m in Sources */,
				88275D041C3B7A0A0087C206 /* UIImageView+AFNetworking.m in Sources */,
				88275D051C3B7A0A0087C206 /* UIProgressView+AFNetworking.m in Sources */,
				88275CEB1C3B79EE0087C206 /* AFURLResponseSerialization.m in Sources */,
				88275D061C3B7A0A0087C206 /* UIRefreshControl+AFNetworking.m in Sources */,
				88275CEA1C3B79EE0087C206 /* AFURLRequestSerialization.m in Sources */,
				88275CE91C3B79EE0087C206 /* AFURLConnectionOperation.m in Sources */,
				88275D031C3B7A0A0087C206 /* UIButton+AFNetworking.m in Sources */,
				88275D011C3B7A0A0087C206 /* UIActivityIndicatorView+AFNetworking.m in Sources */,
				88275CE51C3B79EE0087C206 /* AFHTTPRequestOperationManager.m in Sources */,
				88275D111C3B83F00087C206 /* CollectionImageLayout.m in Sources */,
				7FCF0FC01C3ADE7C004CFB2A /* ImageRecord.m in Sources */,
				7FCF0FB91C3ADDF9004CFB2A /* AFBingAPIClient.m in Sources */,
				88275CE81C3B79EE0087C206 /* AFSecurityPolicy.m in Sources */,
				7FFDE1311C3AC27200171DFC /* AppDelegate.m in Sources */,
				88275D071C3B7A0A0087C206 /* UIWebView+AFNetworking.m in Sources */,
				7FFDE14E1C3AC88800171DFC /* Utils.m in Sources */,
				7FFDE12E1C3AC27200171DFC /* main.m in Sources */,
				88275D021C3B7A0A0087C206 /* UIAlertView+AFNetworking.m in Sources */,
			);
			runOnlyForDeploymentPostprocessing = 0;
		};
/* End PBXSourcesBuildPhase section */

/* Begin PBXVariantGroup section */
		7FFDE1351C3AC27200171DFC /* Main.storyboard */ = {
			isa = PBXVariantGroup;
			children = (
				7FFDE1361C3AC27200171DFC /* Base */,
			);
			name = Main.storyboard;
			sourceTree = "<group>";
		};
		7FFDE13A1C3AC27200171DFC /* LaunchScreen.storyboard */ = {
			isa = PBXVariantGroup;
			children = (
				7FFDE13B1C3AC27200171DFC /* Base */,
			);
			name = LaunchScreen.storyboard;
			sourceTree = "<group>";
		};
/* End PBXVariantGroup section */

/* Begin XCBuildConfiguration section */
		7FFDE13E1C3AC27200171DFC /* Debug */ = {
			isa = XCBuildConfiguration;
			buildSettings = {
				ALWAYS_SEARCH_USER_PATHS = NO;
				CLANG_CXX_LANGUAGE_STANDARD = "gnu++0x";
				CLANG_CXX_LIBRARY = "libc++";
				CLANG_ENABLE_MODULES = YES;
				CLANG_ENABLE_OBJC_ARC = YES;
				CLANG_WARN_BOOL_CONVERSION = YES;
				CLANG_WARN_CONSTANT_CONVERSION = YES;
				CLANG_WARN_DIRECT_OBJC_ISA_USAGE = YES_ERROR;
				CLANG_WARN_EMPTY_BODY = YES;
				CLANG_WARN_ENUM_CONVERSION = YES;
				CLANG_WARN_INT_CONVERSION = YES;
				CLANG_WARN_OBJC_ROOT_CLASS = YES_ERROR;
				CLANG_WARN_UNREACHABLE_CODE = YES;
				CLANG_WARN__DUPLICATE_METHOD_MATCH = YES;
				"CODE_SIGN_IDENTITY[sdk=iphoneos*]" = "iPhone Developer";
				COPY_PHASE_STRIP = NO;
				DEBUG_INFORMATION_FORMAT = dwarf;
				ENABLE_STRICT_OBJC_MSGSEND = YES;
				ENABLE_TESTABILITY = YES;
				GCC_C_LANGUAGE_STANDARD = gnu99;
				GCC_DYNAMIC_NO_PIC = NO;
				GCC_NO_COMMON_BLOCKS = YES;
				GCC_OPTIMIZATION_LEVEL = 0;
				GCC_PREPROCESSOR_DEFINITIONS = (
					"DEBUG=1",
					"$(inherited)",
				);
				GCC_WARN_64_TO_32_BIT_CONVERSION = YES;
				GCC_WARN_ABOUT_RETURN_TYPE = YES_ERROR;
				GCC_WARN_UNDECLARED_SELECTOR = YES;
				GCC_WARN_UNINITIALIZED_AUTOS = YES_AGGRESSIVE;
				GCC_WARN_UNUSED_FUNCTION = YES;
				GCC_WARN_UNUSED_VARIABLE = YES;
				IPHONEOS_DEPLOYMENT_TARGET = 9.2;
				MTL_ENABLE_DEBUG_INFO = YES;
				ONLY_ACTIVE_ARCH = YES;
				SDKROOT = iphoneos;
				TARGETED_DEVICE_FAMILY = "1,2";
			};
			name = Debug;
		};
		7FFDE13F1C3AC27200171DFC /* Release */ = {
			isa = XCBuildConfiguration;
			buildSettings = {
				ALWAYS_SEARCH_USER_PATHS = NO;
				CLANG_CXX_LANGUAGE_STANDARD = "gnu++0x";
				CLANG_CXX_LIBRARY = "libc++";
				CLANG_ENABLE_MODULES = YES;
				CLANG_ENABLE_OBJC_ARC = YES;
				CLANG_WARN_BOOL_CONVERSION = YES;
				CLANG_WARN_CONSTANT_CONVERSION = YES;
				CLANG_WARN_DIRECT_OBJC_ISA_USAGE = YES_ERROR;
				CLANG_WARN_EMPTY_BODY = YES;
				CLANG_WARN_ENUM_CONVERSION = YES;
				CLANG_WARN_INT_CONVERSION = YES;
				CLANG_WARN_OBJC_ROOT_CLASS = YES_ERROR;
				CLANG_WARN_UNREACHABLE_CODE = YES;
				CLANG_WARN__DUPLICATE_METHOD_MATCH = YES;
				"CODE_SIGN_IDENTITY[sdk=iphoneos*]" = "iPhone Developer";
				COPY_PHASE_STRIP = NO;
				DEBUG_INFORMATION_FORMAT = "dwarf-with-dsym";
				ENABLE_NS_ASSERTIONS = NO;
				ENABLE_STRICT_OBJC_MSGSEND = YES;
				GCC_C_LANGUAGE_STANDARD = gnu99;
				GCC_NO_COMMON_BLOCKS = YES;
				GCC_WARN_64_TO_32_BIT_CONVERSION = YES;
				GCC_WARN_ABOUT_RETURN_TYPE = YES_ERROR;
				GCC_WARN_UNDECLARED_SELECTOR = YES;
				GCC_WARN_UNINITIALIZED_AUTOS = YES_AGGRESSIVE;
				GCC_WARN_UNUSED_FUNCTION = YES;
				GCC_WARN_UNUSED_VARIABLE = YES;
				IPHONEOS_DEPLOYMENT_TARGET = 9.2;
				MTL_ENABLE_DEBUG_INFO = NO;
				SDKROOT = iphoneos;
				TARGETED_DEVICE_FAMILY = "1,2";
				VALIDATE_PRODUCT = YES;
			};
			name = Release;
		};
		7FFDE1411C3AC27200171DFC /* Debug */ = {
			isa = XCBuildConfiguration;
			buildSettings = {
				ASSETCATALOG_COMPILER_APPICON_NAME = AppIcon;
				CLANG_ENABLE_MODULES = YES;
				INFOPLIST_FILE = searchphoto/Info.plist;
				LD_RUNPATH_SEARCH_PATHS = "$(inherited) @executable_path/Frameworks";
				PRODUCT_BUNDLE_IDENTIFIER = com.paraline.searchphoto;
				PRODUCT_NAME = Searchphoto.temp_caseinsensitive_rename;
				SWIFT_OBJC_BRIDGING_HEADER = "searchphoto-Bridging-Header.h";
				SWIFT_OPTIMIZATION_LEVEL = "-Onone";
			};
			name = Debug;
		};
		7FFDE1421C3AC27200171DFC /* Release */ = {
			isa = XCBuildConfiguration;
			buildSettings = {
				ASSETCATALOG_COMPILER_APPICON_NAME = AppIcon;
				CLANG_ENABLE_MODULES = YES;
				INFOPLIST_FILE = searchphoto/Info.plist;
				LD_RUNPATH_SEARCH_PATHS = "$(inherited) @executable_path/Frameworks";
				PRODUCT_BUNDLE_IDENTIFIER = com.paraline.searchphoto;
				PRODUCT_NAME = Searchphoto.temp_caseinsensitive_rename;
				SWIFT_OBJC_BRIDGING_HEADER = "searchphoto-Bridging-Header.h";
			};
			name = Release;
		};
/* End XCBuildConfiguration section */

/* Begin XCConfigurationList section */
		7FFDE1241C3AC27200171DFC /* Build configuration list for PBXProject "Searchphoto" */ = {
			isa = XCConfigurationList;
			buildConfigurations = (
				7FFDE13E1C3AC27200171DFC /* Debug */,
				7FFDE13F1C3AC27200171DFC /* Release */,
			);
			defaultConfigurationIsVisible = 0;
			defaultConfigurationName = Release;
		};
		7FFDE1401C3AC27200171DFC /* Build configuration list for PBXNativeTarget "searchphoto" */ = {
			isa = XCConfigurationList;
			buildConfigurations = (
				7FFDE1411C3AC27200171DFC /* Debug */,
				7FFDE1421C3AC27200171DFC /* Release */,
			);
			defaultConfigurationIsVisible = 0;
			defaultConfigurationName = Release;
		};
/* End XCConfigurationList section */
	};
	rootObject = 7FFDE1211C3AC27200171DFC /* Project object */;
}
